<?xml version="1.0" encoding="utf-8"?>
<Project ToolsVersion="4.0" xmlns="http://schemas.microsoft.com/developer/msbuild/2003">
  <ItemGroup>
    <Filter Include="Source Files">
      <UniqueIdentifier>{4FC737F1-C7A5-4376-A066-2A32D752A2FF}</UniqueIdentifier>
      <Extensions>cpp;c;cc;cxx;c++;cppm;ixx;def;odl;idl;hpj;bat;asm;asmx</Extensions>
    </Filter>
    <Filter Include="Header Files">
      <UniqueIdentifier>{93995380-89BD-4b04-88EB-625FBE52EBFB}</UniqueIdentifier>
      <Extensions>h;hh;hpp;hxx;h++;hm;inl;inc;ipp;xsd</Extensions>
    </Filter>
    <Filter Include="Resource Files">
      <UniqueIdentifier>{67DA6AB6-F800-4c08-8B7A-83BB121AAD01}</UniqueIdentifier>
      <Extensions>rc;ico;cur;bmp;dlg;rc2;rct;bin;rgs;gif;jpg;jpeg;jpe;resx;tiff;tif;png;wav;mfcribbon-ms</Extensions>
    </Filter>
  </ItemGroup>
  <ItemGroup>
    <ClInclude Include="source\externals\include\glad\glad.h">
      <Filter>Header Files</Filter>
    </ClInclude>
    <ClInclude Include="source\externals\include\GLFW\glfw3native.h">
      <Filter>Header Files</Filter>
    </ClInclude>
    <ClInclude Include="source\externals\include\GLFW\glfw3.h">
      <Filter>Header Files</Filter>
    </ClInclude>
    <ClInclude Include="source\externals\include\ImGui\imconfig.h">
      <Filter>Header Files</Filter>
    </ClInclude>
    <ClInclude Include="source\externals\include\ImGui\imgui.h">
      <Filter>Header Files</Filter>
    </ClInclude>
    <ClInclude Include="source\externals\include\ImGui\imgui_impl_glfw.h">
      <Filter>Header Files</Filter>
    </ClInclude>
    <ClInclude Include="source\externals\include\ImGui\imgui_impl_opengl3.h">
      <Filter>Header Files</Filter>
    </ClInclude>
    <ClInclude Include="source\externals\include\ImGui\imgui_internal.h">
      <Filter>Header Files</Filter>
    </ClInclude>
    <ClInclude Include="source\externals\include\ImGui\imstb_textedit.h">
      <Filter>Header Files</Filter>
    </ClInclude>
    <ClInclude Include="source\externals\include\KHR\khrplatform.h">
      <Filter>Header Files</Filter>
    </ClInclude>
    <ClInclude Include="source\externals\include\stb_image.h">
      <Filter>Header Files</Filter>
    </ClInclude>
    <ClInclude Include="source\externals\include\toolbox\Matrix2.hpp">
      <Filter>Header Files</Filter>
    </ClInclude>
    <ClInclude Include="source\externals\include\toolbox\Matrix3.hpp">
      <Filter>Header Files</Filter>
    </ClInclude>
    <ClInclude Include="source\externals\include\toolbox\Matrix4.hpp">
      <Filter>Header Files</Filter>
    </ClInclude>
    <ClInclude Include="source\externals\include\toolbox\MatrixNM.hpp">
      <Filter>Header Files</Filter>
    </ClInclude>
    <ClInclude Include="source\externals\include\toolbox\Vector2.hpp">
      <Filter>Header Files</Filter>
    </ClInclude>
    <ClInclude Include="source\externals\include\toolbox\Vector3.hpp">
      <Filter>Header Files</Filter>
    </ClInclude>
    <ClInclude Include="source\externals\include\toolbox\Vector4.hpp">
      <Filter>Header Files</Filter>
    </ClInclude>
    <ClInclude Include="source\externals\include\toolbox\VectorN.hpp">
      <Filter>Header Files</Filter>
    </ClInclude>
    <ClInclude Include="source\externals\src\ImGui\imstb_rectpack.h">
      <Filter>Header Files</Filter>
    </ClInclude>
    <ClInclude Include="source\externals\src\ImGui\imstb_truetype.h">
      <Filter>Header Files</Filter>
    </ClInclude>
    <ClInclude Include="source\include\App\App.hpp">
      <Filter>Header Files</Filter>
    </ClInclude>
    <ClInclude Include="source\include\Core\DataStructure\Graph.hpp">
      <Filter>Header Files</Filter>
    </ClInclude>
    <ClInclude Include="source\include\Core\DebugClass\Assertion.hpp">
      <Filter>Header Files</Filter>
    </ClInclude>
    <ClInclude Include="source\include\Core\DebugClass\Log.hpp">
      <Filter>Header Files</Filter>
    </ClInclude>
    <ClInclude Include="source\include\LowRenderer\Camera.hpp">
      <Filter>Header Files</Filter>
    </ClInclude>
    <ClInclude Include="source\include\LowRenderer\DirLight.hpp">
      <Filter>Header Files</Filter>
    </ClInclude>
    <ClInclude Include="source\include\LowRenderer\Light.hpp">
      <Filter>Header Files</Filter>
    </ClInclude>
    <ClInclude Include="source\include\LowRenderer\Mesh.hpp">
      <Filter>Header Files</Filter>
    </ClInclude>
    <ClInclude Include="source\include\LowRenderer\PointLight.hpp">
      <Filter>Header Files</Filter>
    </ClInclude>
    <ClInclude Include="source\include\LowRenderer\SpotLight.hpp">
      <Filter>Header Files</Filter>
    </ClInclude>
    <ClInclude Include="source\include\Physics\BoxCollider.hpp">
      <Filter>Header Files</Filter>
    </ClInclude>
    <ClInclude Include="source\include\Physics\Cube.hpp">
      <Filter>Header Files</Filter>
    </ClInclude>
    <ClInclude Include="source\include\Physics\Object.hpp">
      <Filter>Header Files</Filter>
    </ClInclude>
    <ClInclude Include="source\include\Physics\PlaneCollider.hpp">
      <Filter>Header Files</Filter>
    </ClInclude>
    <ClInclude Include="source\include\Physics\RigidBody.hpp">
      <Filter>Header Files</Filter>
    </ClInclude>
    <ClInclude Include="source\include\Physics\SphereCollider.hpp">
      <Filter>Header Files</Filter>
    </ClInclude>
    <ClInclude Include="source\include\Physics\Transform.hpp">
      <Filter>Header Files</Filter>
    </ClInclude>
    <ClInclude Include="source\include\Resources\IResource.hpp">
      <Filter>Header Files</Filter>
    </ClInclude>
    <ClInclude Include="source\include\Resources\Model.hpp">
      <Filter>Header Files</Filter>
    </ClInclude>
    <ClInclude Include="source\include\Resources\ResourcesManager.hpp">
      <Filter>Header Files</Filter>
    </ClInclude>
    <ClInclude Include="source\include\Resources\Scene.hpp">
      <Filter>Header Files</Filter>
    </ClInclude>
    <ClInclude Include="source\include\Resources\Shader.hpp">
      <Filter>Header Files</Filter>
    </ClInclude>
    <ClInclude Include="source\include\Resources\Texture.hpp">
      <Filter>Header Files</Filter>
    </ClInclude>
    <ClInclude Include="source\include\LowRenderer\Skybox.hpp">
      <Filter>Header Files</Filter>
    </ClInclude>
    <ClInclude Include="source\include\LowRenderer\Framebuffer.hpp">
      <Filter>Header Files</Filter>
    </ClInclude>
    <ClInclude Include="source\include\Core\Window\Window.hpp">
      <Filter>Header Files</Filter>
    </ClInclude>
    <ClInclude Include="source\include\Utils\Utils.hpp">
      <Filter>Header Files</Filter>
    </ClInclude>
  </ItemGroup>
  <ItemGroup>
    <Library Include="source\externals\libs\glfw3.lib" />
  </ItemGroup>
  <ItemGroup>
    <ClCompile Include="source\externals\src\stb_image.cpp">
      <Filter>Source Files</Filter>
    </ClCompile>
    <ClCompile Include="source\externals\src\toolbox\Matrix2.cpp">
      <Filter>Source Files</Filter>
    </ClCompile>
    <ClCompile Include="source\externals\src\toolbox\Matrix3.cpp">
      <Filter>Source Files</Filter>
    </ClCompile>
    <ClCompile Include="source\externals\src\toolbox\Matrix4.cpp">
      <Filter>Source Files</Filter>
    </ClCompile>
    <ClCompile Include="source\externals\src\toolbox\MatrixNM.cpp">
      <Filter>Source Files</Filter>
    </ClCompile>
    <ClCompile Include="source\externals\src\toolbox\Vector2.cpp">
      <Filter>Source Files</Filter>
    </ClCompile>
    <ClCompile Include="source\externals\src\toolbox\Vector3.cpp">
      <Filter>Source Files</Filter>
    </ClCompile>
    <ClCompile Include="source\externals\src\toolbox\Vector4.cpp">
      <Filter>Source Files</Filter>
    </ClCompile>
    <ClCompile Include="source\externals\src\toolbox\VectorN.cpp">
      <Filter>Source Files</Filter>
    </ClCompile>
    <ClCompile Include="source\externals\src\ImGui\imgui.cpp">
      <Filter>Source Files</Filter>
    </ClCompile>
    <ClCompile Include="source\externals\src\ImGui\imgui_demo.cpp">
      <Filter>Source Files</Filter>
    </ClCompile>
    <ClCompile Include="source\externals\src\ImGui\imgui_draw.cpp">
      <Filter>Source Files</Filter>
    </ClCompile>
    <ClCompile Include="source\externals\src\ImGui\imgui_impl_glfw.cpp">
      <Filter>Source Files</Filter>
    </ClCompile>
    <ClCompile Include="source\externals\src\ImGui\imgui_impl_opengl3.cpp">
      <Filter>Source Files</Filter>
    </ClCompile>
    <ClCompile Include="source\externals\src\ImGui\imgui_widgets.cpp">
      <Filter>Source Files</Filter>
    </ClCompile>
    <ClCompile Include="source\externals\src\Glad\glad.c">
      <Filter>Source Files</Filter>
    </ClCompile>
    <ClCompile Include="source\src\App\App.cpp">
      <Filter>Source Files</Filter>
    </ClCompile>
    <ClCompile Include="source\src\Core\DataStructure\Graph.cpp">
      <Filter>Source Files</Filter>
    </ClCompile>
    <ClCompile Include="source\src\Core\DebugClass\Log.cpp">
      <Filter>Source Files</Filter>
    </ClCompile>
    <ClCompile Include="source\src\LowRenderer\Camera.cpp">
      <Filter>Source Files</Filter>
    </ClCompile>
    <ClCompile Include="source\src\LowRenderer\DirLight.cpp">
      <Filter>Source Files</Filter>
    </ClCompile>
    <ClCompile Include="source\src\LowRenderer\Mesh.cpp">
      <Filter>Source Files</Filter>
    </ClCompile>
    <ClCompile Include="source\src\LowRenderer\PointLight.cpp">
      <Filter>Source Files</Filter>
    </ClCompile>
    <ClCompile Include="source\src\LowRenderer\SpotLight.cpp">
      <Filter>Source Files</Filter>
    </ClCompile>
    <ClCompile Include="source\src\Physics\BoxCollider.cpp">
      <Filter>Source Files</Filter>
    </ClCompile>
    <ClCompile Include="source\src\Physics\Cube.cpp">
      <Filter>Source Files</Filter>
    </ClCompile>
    <ClCompile Include="source\src\Physics\PlaneCollider.cpp">
      <Filter>Source Files</Filter>
    </ClCompile>
    <ClCompile Include="source\src\Physics\RigidBody.cpp">
      <Filter>Source Files</Filter>
    </ClCompile>
    <ClCompile Include="source\src\Physics\SphereCollider.cpp">
      <Filter>Source Files</Filter>
    </ClCompile>
    <ClCompile Include="source\src\Physics\Transform.cpp">
      <Filter>Source Files</Filter>
    </ClCompile>
    <ClCompile Include="source\src\Resources\Model.cpp">
      <Filter>Source Files</Filter>
    </ClCompile>
    <ClCompile Include="source\src\Resources\ResourcesManager.cpp">
      <Filter>Source Files</Filter>
    </ClCompile>
    <ClCompile Include="source\src\Resources\Scene.cpp">
      <Filter>Source Files</Filter>
    </ClCompile>
    <ClCompile Include="source\src\Resources\Shader.cpp">
      <Filter>Source Files</Filter>
    </ClCompile>
    <ClCompile Include="source\src\Resources\Texture.cpp">
      <Filter>Source Files</Filter>
    </ClCompile>
    <ClCompile Include="source\src\main.cpp">
      <Filter>Source Files</Filter>
    </ClCompile>
    <ClCompile Include="source\src\LowRenderer\Skybox.cpp">
      <Filter>Source Files</Filter>
    </ClCompile>
    <ClCompile Include="source\src\LowRenderer\Framebuffer.cpp">
      <Filter>Source Files</Filter>
    </ClCompile>
    <ClCompile Include="source\src\Core\Window\Window.cpp">
      <Filter>Source Files</Filter>
    </ClCompile>
    <ClCompile Include="source\include\LowRenderer\Light.cpp">
      <Filter>Source Files</Filter>
    </ClCompile>
  </ItemGroup>
  <ItemGroup>
    <None Include="assets\shaders\shaderSingleColor.vert" />
    <None Include="assets\shaders\shaderSingleColor.frag" />
    <None Include="assets\shaders\blendingshader.vert" />
    <None Include="assets\shaders\blendingshader.frag" />
    <None Include="assets\shaders\skyboxshader.vert" />
    <None Include="assets\shaders\skyboxshader.frag" />
    <None Include="assets\shaders\dirlightshader.frag" />
    <None Include="assets\shaders\lightshader.frag" />
    <None Include="assets\shaders\lightshader.vert" />
    <None Include="assets\shaders\ourshader.frag" />
    <None Include="assets\shaders\ourshader.vert" />
    <None Include="assets\shaders\framebufferShader.vert" />
    <None Include="assets\shaders\framebufferShader.frag" />
  </ItemGroup>
</Project>